// !$*UTF8*$!
{
	archiveVersion = 1;
	classes = {
	};
	objectVersion = 77;
	objects = {

/* Begin PBXBuildFile section */
		B64C49F52DD8CF8400CF40A9 /* RxCocoa in Frameworks */ = {isa = PBXBuildFile; productRef = B64C49F42DD8CF8400CF40A9 /* RxCocoa */; };
		B64C49F72DD8CF8400CF40A9 /* RxRelay in Frameworks */ = {isa = PBXBuildFile; productRef = B64C49F62DD8CF8400CF40A9 /* RxRelay */; };
		B64C49F92DD8CF8400CF40A9 /* RxSwift in Frameworks */ = {isa = PBXBuildFile; productRef = B64C49F82DD8CF8400CF40A9 /* RxSwift */; };
		B64C49FB2DD8CF8400CF40A9 /* RxTest in Frameworks */ = {isa = PBXBuildFile; productRef = B64C49FA2DD8CF8400CF40A9 /* RxTest */; };
		B64C4A052DD8D2AF00CF40A9 /* SnapKit in Frameworks */ = {isa = PBXBuildFile; productRef = B64C4A042DD8D2AF00CF40A9 /* SnapKit */; };
		B6DF46452DDBC19400071275 /* SnapshotTesting in Frameworks */ = {isa = PBXBuildFile; productRef = B6DF46442DDBC19400071275 /* SnapshotTesting */; };
		B6DF46482DDBC1C900071275 /* Quick in Frameworks */ = {isa = PBXBuildFile; productRef = B6DF46472DDBC1C900071275 /* Quick */; };
		B6DF464B2DDBC1E600071275 /* Nimble in Frameworks */ = {isa = PBXBuildFile; productRef = B6DF464A2DDBC1E600071275 /* Nimble */; };
/* End PBXBuildFile section */

/* Begin PBXContainerItemProxy section */
		B64C49C02DD8CB8600CF40A9 /* PBXContainerItemProxy */ = {
			isa = PBXContainerItemProxy;
			containerPortal = B64C49A12DD8CB8400CF40A9 /* Project object */;
			proxyType = 1;
			remoteGlobalIDString = B64C49A82DD8CB8400CF40A9;
			remoteInfo = agenda;
		};
		B64C49CA2DD8CB8600CF40A9 /* PBXContainerItemProxy */ = {
			isa = PBXContainerItemProxy;
			containerPortal = B64C49A12DD8CB8400CF40A9 /* Project object */;
			proxyType = 1;
			remoteGlobalIDString = B64C49A82DD8CB8400CF40A9;
			remoteInfo = agenda;
		};
/* End PBXContainerItemProxy section */

/* Begin PBXFileReference section */
		B64C49A92DD8CB8400CF40A9 /* agenda.app */ = {isa = PBXFileReference; explicitFileType = wrapper.application; includeInIndex = 0; path = agenda.app; sourceTree = BUILT_PRODUCTS_DIR; };
		B64C49BF2DD8CB8600CF40A9 /* agendaTests.xctest */ = {isa = PBXFileReference; explicitFileType = wrapper.cfbundle; includeInIndex = 0; path = agendaTests.xctest; sourceTree = BUILT_PRODUCTS_DIR; };
		B64C49C92DD8CB8600CF40A9 /* agendaUITests.xctest */ = {isa = PBXFileReference; explicitFileType = wrapper.cfbundle; includeInIndex = 0; path = agendaUITests.xctest; sourceTree = BUILT_PRODUCTS_DIR; };
/* End PBXFileReference section */

/* Begin PBXFileSystemSynchronizedBuildFileExceptionSet section */
		B64C49D12DD8CB8600CF40A9 /* Exceptions for "agenda" folder in "agenda" target */ = {
			isa = PBXFileSystemSynchronizedBuildFileExceptionSet;
			membershipExceptions = (
				Info.plist,
			);
			target = B64C49A82DD8CB8400CF40A9 /* agenda */;
		};
/* End PBXFileSystemSynchronizedBuildFileExceptionSet section */

/* Begin PBXFileSystemSynchronizedRootGroup section */
		B64C49AB2DD8CB8400CF40A9 /* agenda */ = {
			isa = PBXFileSystemSynchronizedRootGroup;
			exceptions = (
				B64C49D12DD8CB8600CF40A9 /* Exceptions for "agenda" folder in "agenda" target */,
			);
			path = agenda;
			sourceTree = "<group>";
		};
		B64C49C22DD8CB8600CF40A9 /* agendaTests */ = {
			isa = PBXFileSystemSynchronizedRootGroup;
			path = agendaTests;
			sourceTree = "<group>";
		};
/* End PBXFileSystemSynchronizedRootGroup section */

/* Begin PBXFrameworksBuildPhase section */
		B64C49A62DD8CB8400CF40A9 /* Frameworks */ = {
			isa = PBXFrameworksBuildPhase;
			buildActionMask = 2147483647;
			files = (
				B64C49F92DD8CF8400CF40A9 /* RxSwift in Frameworks */,
				B64C4A052DD8D2AF00CF40A9 /* SnapKit in Frameworks */,
				B64C49F72DD8CF8400CF40A9 /* RxRelay in Frameworks */,
				B64C49F52DD8CF8400CF40A9 /* RxCocoa in Frameworks */,
			);
			runOnlyForDeploymentPostprocessing = 0;
		};
		B64C49BC2DD8CB8600CF40A9 /* Frameworks */ = {
			isa = PBXFrameworksBuildPhase;
			buildActionMask = 2147483647;
			files = (
				B6DF46482DDBC1C900071275 /* Quick in Frameworks */,
				B6DF464B2DDBC1E600071275 /* Nimble in Frameworks */,
				B64C49FB2DD8CF8400CF40A9 /* RxTest in Frameworks */,
				B6DF46452DDBC19400071275 /* SnapshotTesting in Frameworks */,
			);
			runOnlyForDeploymentPostprocessing = 0;
		};
		B64C49C62DD8CB8600CF40A9 /* Frameworks */ = {
			isa = PBXFrameworksBuildPhase;
			buildActionMask = 2147483647;
			files = (
			);
			runOnlyForDeploymentPostprocessing = 0;
		};
/* End PBXFrameworksBuildPhase section */

/* Begin PBXGroup section */
		B64C49A02DD8CB8400CF40A9 = {
			isa = PBXGroup;
			children = (
				B64C49AB2DD8CB8400CF40A9 /* agenda */,
				B64C49C22DD8CB8600CF40A9 /* agendaTests */,
				B64C49AA2DD8CB8400CF40A9 /* Products */,
			);
			sourceTree = "<group>";
		};
		B64C49AA2DD8CB8400CF40A9 /* Products */ = {
			isa = PBXGroup;
			children = (
				B64C49A92DD8CB8400CF40A9 /* agenda.app */,
				B64C49BF2DD8CB8600CF40A9 /* agendaTests.xctest */,
				B64C49C92DD8CB8600CF40A9 /* agendaUITests.xctest */,
			);
			name = Products;
			sourceTree = "<group>";
		};
/* End PBXGroup section */

/* Begin PBXNativeTarget section */
		B64C49A82DD8CB8400CF40A9 /* agenda */ = {
			isa = PBXNativeTarget;
			buildConfigurationList = B64C49D22DD8CB8600CF40A9 /* Build configuration list for PBXNativeTarget "agenda" */;
			buildPhases = (
				B64C49A52DD8CB8400CF40A9 /* Sources */,
				B64C49A62DD8CB8400CF40A9 /* Frameworks */,
				B64C49A72DD8CB8400CF40A9 /* Resources */,
			);
			buildRules = (
			);
			dependencies = (
			);
			fileSystemSynchronizedGroups = (
				B64C49AB2DD8CB8400CF40A9 /* agenda */,
			);
			name = agenda;
			packageProductDependencies = (
				B64C49F42DD8CF8400CF40A9 /* RxCocoa */,
				B64C49F62DD8CF8400CF40A9 /* RxRelay */,
				B64C49F82DD8CF8400CF40A9 /* RxSwift */,
				B64C4A042DD8D2AF00CF40A9 /* SnapKit */,
			);
			productName = agenda;
			productReference = B64C49A92DD8CB8400CF40A9 /* agenda.app */;
			productType = "com.apple.product-type.application";
		};
		B64C49BE2DD8CB8600CF40A9 /* agendaTests */ = {
			isa = PBXNativeTarget;
			buildConfigurationList = B64C49D72DD8CB8600CF40A9 /* Build configuration list for PBXNativeTarget "agendaTests" */;
			buildPhases = (
				B64C49BB2DD8CB8600CF40A9 /* Sources */,
				B64C49BC2DD8CB8600CF40A9 /* Frameworks */,
				B64C49BD2DD8CB8600CF40A9 /* Resources */,
			);
			buildRules = (
			);
			dependencies = (
				B64C49C12DD8CB8600CF40A9 /* PBXTargetDependency */,
			);
			fileSystemSynchronizedGroups = (
				B64C49C22DD8CB8600CF40A9 /* agendaTests */,
			);
			name = agendaTests;
			packageProductDependencies = (
				B64C49FA2DD8CF8400CF40A9 /* RxTest */,
				B6DF46442DDBC19400071275 /* SnapshotTesting */,
				B6DF46472DDBC1C900071275 /* Quick */,
				B6DF464A2DDBC1E600071275 /* Nimble */,
			);
			productName = agendaTests;
			productReference = B64C49BF2DD8CB8600CF40A9 /* agendaTests.xctest */;
			productType = "com.apple.product-type.bundle.unit-test";
		};
		B64C49C82DD8CB8600CF40A9 /* agendaUITests */ = {
			isa = PBXNativeTarget;
			buildConfigurationList = B64C49DA2DD8CB8600CF40A9 /* Build configuration list for PBXNativeTarget "agendaUITests" */;
			buildPhases = (
				B64C49C52DD8CB8600CF40A9 /* Sources */,
				B64C49C62DD8CB8600CF40A9 /* Frameworks */,
				B64C49C72DD8CB8600CF40A9 /* Resources */,
			);
			buildRules = (
			);
			dependencies = (
				B64C49CB2DD8CB8600CF40A9 /* PBXTargetDependency */,
			);
			name = agendaUITests;
			packageProductDependencies = (
			);
			productName = agendaUITests;
			productReference = B64C49C92DD8CB8600CF40A9 /* agendaUITests.xctest */;
			productType = "com.apple.product-type.bundle.ui-testing";
		};
/* End PBXNativeTarget section */

/* Begin PBXProject section */
		B64C49A12DD8CB8400CF40A9 /* Project object */ = {
			isa = PBXProject;
			attributes = {
				BuildIndependentTargetsInParallel = 1;
				LastSwiftUpdateCheck = 1630;
				LastUpgradeCheck = 1630;
				TargetAttributes = {
					B64C49A82DD8CB8400CF40A9 = {
						CreatedOnToolsVersion = 16.3;
					};
					B64C49BE2DD8CB8600CF40A9 = {
						CreatedOnToolsVersion = 16.3;
						TestTargetID = B64C49A82DD8CB8400CF40A9;
					};
					B64C49C82DD8CB8600CF40A9 = {
						CreatedOnToolsVersion = 16.3;
						TestTargetID = B64C49A82DD8CB8400CF40A9;
					};
				};
			};
			buildConfigurationList = B64C49A42DD8CB8400CF40A9 /* Build configuration list for PBXProject "agenda" */;
			developmentRegion = en;
			hasScannedForEncodings = 0;
			knownRegions = (
				en,
				Base,
			);
			mainGroup = B64C49A02DD8CB8400CF40A9;
			minimizedProjectReferenceProxies = 1;
			packageReferences = (
				B64C49F32DD8CF8400CF40A9 /* XCRemoteSwiftPackageReference "RxSwift" */,
				B64C4A032DD8D2AF00CF40A9 /* XCRemoteSwiftPackageReference "SnapKit" */,
				B6DF46432DDBC19400071275 /* XCRemoteSwiftPackageReference "swift-snapshot-testing" */,
				B6DF46462DDBC1C900071275 /* XCRemoteSwiftPackageReference "Quick" */,
				B6DF46492DDBC1E600071275 /* XCRemoteSwiftPackageReference "Nimble" */,
			);
			preferredProjectObjectVersion = 77;
			productRefGroup = B64C49AA2DD8CB8400CF40A9 /* Products */;
			projectDirPath = "";
			projectRoot = "";
			targets = (
				B64C49A82DD8CB8400CF40A9 /* agenda */,
				B64C49BE2DD8CB8600CF40A9 /* agendaTests */,
				B64C49C82DD8CB8600CF40A9 /* agendaUITests */,
			);
		};
/* End PBXProject section */

/* Begin PBXResourcesBuildPhase section */
		B64C49A72DD8CB8400CF40A9 /* Resources */ = {
			isa = PBXResourcesBuildPhase;
			buildActionMask = 2147483647;
			files = (
			);
			runOnlyForDeploymentPostprocessing = 0;
		};
		B64C49BD2DD8CB8600CF40A9 /* Resources */ = {
			isa = PBXResourcesBuildPhase;
			buildActionMask = 2147483647;
			files = (
			);
			runOnlyForDeploymentPostprocessing = 0;
		};
		B64C49C72DD8CB8600CF40A9 /* Resources */ = {
			isa = PBXResourcesBuildPhase;
			buildActionMask = 2147483647;
			files = (
			);
			runOnlyForDeploymentPostprocessing = 0;
		};
/* End PBXResourcesBuildPhase section */

/* Begin PBXSourcesBuildPhase section */
		B64C49A52DD8CB8400CF40A9 /* Sources */ = {
			isa = PBXSourcesBuildPhase;
			buildActionMask = 2147483647;
			files = (
			);
			runOnlyForDeploymentPostprocessing = 0;
		};
		B64C49BB2DD8CB8600CF40A9 /* Sources */ = {
			isa = PBXSourcesBuildPhase;
			buildActionMask = 2147483647;
			files = (
			);
			runOnlyForDeploymentPostprocessing = 0;
		};
		B64C49C52DD8CB8600CF40A9 /* Sources */ = {
			isa = PBXSourcesBuildPhase;
			buildActionMask = 2147483647;
			files = (
			);
			runOnlyForDeploymentPostprocessing = 0;
		};
/* End PBXSourcesBuildPhase section */

/* Begin PBXTargetDependency section */
		B64C49C12DD8CB8600CF40A9 /* PBXTargetDependency */ = {
			isa = PBXTargetDependency;
			target = B64C49A82DD8CB8400CF40A9 /* agenda */;
			targetProxy = B64C49C02DD8CB8600CF40A9 /* PBXContainerItemProxy */;
		};
		B64C49CB2DD8CB8600CF40A9 /* PBXTargetDependency */ = {
			isa = PBXTargetDependency;
			target = B64C49A82DD8CB8400CF40A9 /* agenda */;
			targetProxy = B64C49CA2DD8CB8600CF40A9 /* PBXContainerItemProxy */;
		};
/* End PBXTargetDependency section */

/* Begin XCBuildConfiguration section */
		B64C49D32DD8CB8600CF40A9 /* Debug */ = {
			isa = XCBuildConfiguration;
			buildSettings = {
				ASSETCATALOG_COMPILER_APPICON_NAME = AppIcon;
				ASSETCATALOG_COMPILER_GLOBAL_ACCENT_COLOR_NAME = AccentColor;
				CODE_SIGN_STYLE = Automatic;
				CURRENT_PROJECT_VERSION = 1;
				DEVELOPMENT_TEAM = D257767H78;
				GENERATE_INFOPLIST_FILE = YES;
				INFOPLIST_FILE = agenda/Info.plist;
				INFOPLIST_KEY_UIApplicationSupportsIndirectInputEvents = YES;
				INFOPLIST_KEY_UILaunchStoryboardName = LaunchScreen;
				INFOPLIST_KEY_UISupportedInterfaceOrientations_iPad = "UIInterfaceOrientationPortrait UIInterfaceOrientationPortraitUpsideDown UIInterfaceOrientationLandscapeLeft UIInterfaceOrientationLandscapeRight";
				INFOPLIST_KEY_UISupportedInterfaceOrientations_iPhone = "UIInterfaceOrientationPortrait UIInterfaceOrientationLandscapeLeft UIInterfaceOrientationLandscapeRight";
				LD_RUNPATH_SEARCH_PATHS = (
					"$(inherited)",
					"@executable_path/Frameworks",
				);
				MARKETING_VERSION = 1.0;
				PRODUCT_BUNDLE_IDENTIFIER = com.bruno.agenda;
				PRODUCT_NAME = "$(TARGET_NAME)";
				SWIFT_EMIT_LOC_STRINGS = YES;
				SWIFT_VERSION = 5.0;
				TARGETED_DEVICE_FAMILY = "1,2";
			};
			name = Debug;
		};
		B64C49D42DD8CB8600CF40A9 /* Release */ = {
			isa = XCBuildConfiguration;
			buildSettings = {
				ASSETCATALOG_COMPILER_APPICON_NAME = AppIcon;
				ASSETCATALOG_COMPILER_GLOBAL_ACCENT_COLOR_NAME = AccentColor;
				CODE_SIGN_STYLE = Automatic;
				CURRENT_PROJECT_VERSION = 1;
				DEVELOPMENT_TEAM = D257767H78;
				GENERATE_INFOPLIST_FILE = YES;
				INFOPLIST_FILE = agenda/Info.plist;
				INFOPLIST_KEY_UIApplicationSupportsIndirectInputEvents = YES;
				INFOPLIST_KEY_UILaunchStoryboardName = LaunchScreen;
				INFOPLIST_KEY_UISupportedInterfaceOrientations_iPad = "UIInterfaceOrientationPortrait UIInterfaceOrientationPortraitUpsideDown UIInterfaceOrientationLandscapeLeft UIInterfaceOrientationLandscapeRight";
				INFOPLIST_KEY_UISupportedInterfaceOrientations_iPhone = "UIInterfaceOrientationPortrait UIInterfaceOrientationLandscapeLeft UIInterfaceOrientationLandscapeRight";
				LD_RUNPATH_SEARCH_PATHS = (
					"$(inherited)",
					"@executable_path/Frameworks",
				);
				MARKETING_VERSION = 1.0;
				PRODUCT_BUNDLE_IDENTIFIER = com.bruno.agenda;
				PRODUCT_NAME = "$(TARGET_NAME)";
				SWIFT_EMIT_LOC_STRINGS = YES;
				SWIFT_VERSION = 5.0;
				TARGETED_DEVICE_FAMILY = "1,2";
			};
			name = Release;
		};
		B64C49D52DD8CB8600CF40A9 /* Debug */ = {
			isa = XCBuildConfiguration;
			buildSettings = {
				ALWAYS_SEARCH_USER_PATHS = NO;
				ASSETCATALOG_COMPILER_GENERATE_SWIFT_ASSET_SYMBOL_EXTENSIONS = YES;
				CLANG_ANALYZER_NONNULL = YES;
				CLANG_ANALYZER_NUMBER_OBJECT_CONVERSION = YES_AGGRESSIVE;
				CLANG_CXX_LANGUAGE_STANDARD = "gnu++20";
				CLANG_ENABLE_MODULES = YES;
				CLANG_ENABLE_OBJC_ARC = YES;
				CLANG_ENABLE_OBJC_WEAK = YES;
				CLANG_WARN_BLOCK_CAPTURE_AUTORELEASING = YES;
				CLANG_WARN_BOOL_CONVERSION = YES;
				CLANG_WARN_COMMA = YES;
				CLANG_WARN_CONSTANT_CONVERSION = YES;
				CLANG_WARN_DEPRECATED_OBJC_IMPLEMENTATIONS = YES;
				CLANG_WARN_DIRECT_OBJC_ISA_USAGE = YES_ERROR;
				CLANG_WARN_DOCUMENTATION_COMMENTS = YES;
				CLANG_WARN_EMPTY_BODY = YES;
				CLANG_WARN_ENUM_CONVERSION = YES;
				CLANG_WARN_INFINITE_RECURSION = YES;
				CLANG_WARN_INT_CONVERSION = YES;
				CLANG_WARN_NON_LITERAL_NULL_CONVERSION = YES;
				CLANG_WARN_OBJC_IMPLICIT_RETAIN_SELF = YES;
				CLANG_WARN_OBJC_LITERAL_CONVERSION = YES;
				CLANG_WARN_OBJC_ROOT_CLASS = YES_ERROR;
				CLANG_WARN_QUOTED_INCLUDE_IN_FRAMEWORK_HEADER = YES;
				CLANG_WARN_RANGE_LOOP_ANALYSIS = YES;
				CLANG_WARN_STRICT_PROTOTYPES = YES;
				CLANG_WARN_SUSPICIOUS_MOVE = YES;
				CLANG_WARN_UNGUARDED_AVAILABILITY = YES_AGGRESSIVE;
				CLANG_WARN_UNREACHABLE_CODE = YES;
				CLANG_WARN__DUPLICATE_METHOD_MATCH = YES;
				COPY_PHASE_STRIP = NO;
				DEBUG_INFORMATION_FORMAT = dwarf;
				DEVELOPMENT_TEAM = D257767H78;
				ENABLE_STRICT_OBJC_MSGSEND = YES;
				ENABLE_TESTABILITY = YES;
				ENABLE_USER_SCRIPT_SANDBOXING = YES;
				GCC_C_LANGUAGE_STANDARD = gnu17;
				GCC_DYNAMIC_NO_PIC = NO;
				GCC_NO_COMMON_BLOCKS = YES;
				GCC_OPTIMIZATION_LEVEL = 0;
				GCC_PREPROCESSOR_DEFINITIONS = (
					"DEBUG=1",
					"$(inherited)",
				);
				GCC_WARN_64_TO_32_BIT_CONVERSION = YES;
				GCC_WARN_ABOUT_RETURN_TYPE = YES_ERROR;
				GCC_WARN_UNDECLARED_SELECTOR = YES;
				GCC_WARN_UNINITIALIZED_AUTOS = YES_AGGRESSIVE;
				GCC_WARN_UNUSED_FUNCTION = YES;
				GCC_WARN_UNUSED_VARIABLE = YES;
				IPHONEOS_DEPLOYMENT_TARGET = 18.4;
				LOCALIZATION_PREFERS_STRING_CATALOGS = YES;
				MTL_ENABLE_DEBUG_INFO = INCLUDE_SOURCE;
				MTL_FAST_MATH = YES;
				ONLY_ACTIVE_ARCH = YES;
				SDKROOT = iphoneos;
				SWIFT_ACTIVE_COMPILATION_CONDITIONS = "DEBUG $(inherited)";
				SWIFT_OPTIMIZATION_LEVEL = "-Onone";
			};
			name = Debug;
		};
		B64C49D62DD8CB8600CF40A9 /* Release */ = {
			isa = XCBuildConfiguration;
			buildSettings = {
				ALWAYS_SEARCH_USER_PATHS = NO;
				ASSETCATALOG_COMPILER_GENERATE_SWIFT_ASSET_SYMBOL_EXTENSIONS = YES;
				CLANG_ANALYZER_NONNULL = YES;
				CLANG_ANALYZER_NUMBER_OBJECT_CONVERSION = YES_AGGRESSIVE;
				CLANG_CXX_LANGUAGE_STANDARD = "gnu++20";
				CLANG_ENABLE_MODULES = YES;
				CLANG_ENABLE_OBJC_ARC = YES;
				CLANG_ENABLE_OBJC_WEAK = YES;
				CLANG_WARN_BLOCK_CAPTURE_AUTORELEASING = YES;
				CLANG_WARN_BOOL_CONVERSION = YES;
				CLANG_WARN_COMMA = YES;
				CLANG_WARN_CONSTANT_CONVERSION = YES;
				CLANG_WARN_DEPRECATED_OBJC_IMPLEMENTATIONS = YES;
				CLANG_WARN_DIRECT_OBJC_ISA_USAGE = YES_ERROR;
				CLANG_WARN_DOCUMENTATION_COMMENTS = YES;
				CLANG_WARN_EMPTY_BODY = YES;
				CLANG_WARN_ENUM_CONVERSION = YES;
				CLANG_WARN_INFINITE_RECURSION = YES;
				CLANG_WARN_INT_CONVERSION = YES;
				CLANG_WARN_NON_LITERAL_NULL_CONVERSION = YES;
				CLANG_WARN_OBJC_IMPLICIT_RETAIN_SELF = YES;
				CLANG_WARN_OBJC_LITERAL_CONVERSION = YES;
				CLANG_WARN_OBJC_ROOT_CLASS = YES_ERROR;
				CLANG_WARN_QUOTED_INCLUDE_IN_FRAMEWORK_HEADER = YES;
				CLANG_WARN_RANGE_LOOP_ANALYSIS = YES;
				CLANG_WARN_STRICT_PROTOTYPES = YES;
				CLANG_WARN_SUSPICIOUS_MOVE = YES;
				CLANG_WARN_UNGUARDED_AVAILABILITY = YES_AGGRESSIVE;
				CLANG_WARN_UNREACHABLE_CODE = YES;
				CLANG_WARN__DUPLICATE_METHOD_MATCH = YES;
				COPY_PHASE_STRIP = NO;
				DEBUG_INFORMATION_FORMAT = "dwarf-with-dsym";
				DEVELOPMENT_TEAM = D257767H78;
				ENABLE_NS_ASSERTIONS = NO;
				ENABLE_STRICT_OBJC_MSGSEND = YES;
				ENABLE_USER_SCRIPT_SANDBOXING = YES;
				GCC_C_LANGUAGE_STANDARD = gnu17;
				GCC_NO_COMMON_BLOCKS = YES;
				GCC_WARN_64_TO_32_BIT_CONVERSION = YES;
				GCC_WARN_ABOUT_RETURN_TYPE = YES_ERROR;
				GCC_WARN_UNDECLARED_SELECTOR = YES;
				GCC_WARN_UNINITIALIZED_AUTOS = YES_AGGRESSIVE;
				GCC_WARN_UNUSED_FUNCTION = YES;
				GCC_WARN_UNUSED_VARIABLE = YES;
				IPHONEOS_DEPLOYMENT_TARGET = 18.4;
				LOCALIZATION_PREFERS_STRING_CATALOGS = YES;
				MTL_ENABLE_DEBUG_INFO = NO;
				MTL_FAST_MATH = YES;
				SDKROOT = iphoneos;
				SWIFT_COMPILATION_MODE = wholemodule;
				VALIDATE_PRODUCT = YES;
			};
			name = Release;
		};
		B64C49D82DD8CB8600CF40A9 /* Debug */ = {
			isa = XCBuildConfiguration;
			buildSettings = {
				BUNDLE_LOADER = "$(TEST_HOST)";
				CODE_SIGN_STYLE = Automatic;
				CURRENT_PROJECT_VERSION = 1;
				DEVELOPMENT_TEAM = D257767H78;
				GENERATE_INFOPLIST_FILE = YES;
				IPHONEOS_DEPLOYMENT_TARGET = 18.4;
				MARKETING_VERSION = 1.0;
				PRODUCT_BUNDLE_IDENTIFIER = com.bruno.agendaTests;
				PRODUCT_NAME = "$(TARGET_NAME)";
				SWIFT_EMIT_LOC_STRINGS = NO;
				SWIFT_VERSION = 5.0;
				TARGETED_DEVICE_FAMILY = "1,2";
				TEST_HOST = "$(BUILT_PRODUCTS_DIR)/agenda.app/$(BUNDLE_EXECUTABLE_FOLDER_PATH)/agenda";
			};
			name = Debug;
		};
		B64C49D92DD8CB8600CF40A9 /* Release */ = {
			isa = XCBuildConfiguration;
			buildSettings = {
				BUNDLE_LOADER = "$(TEST_HOST)";
				CODE_SIGN_STYLE = Automatic;
				CURRENT_PROJECT_VERSION = 1;
				DEVELOPMENT_TEAM = D257767H78;
				GENERATE_INFOPLIST_FILE = YES;
				IPHONEOS_DEPLOYMENT_TARGET = 18.4;
				MARKETING_VERSION = 1.0;
				PRODUCT_BUNDLE_IDENTIFIER = com.bruno.agendaTests;
				PRODUCT_NAME = "$(TARGET_NAME)";
				SWIFT_EMIT_LOC_STRINGS = NO;
				SWIFT_VERSION = 5.0;
				TARGETED_DEVICE_FAMILY = "1,2";
				TEST_HOST = "$(BUILT_PRODUCTS_DIR)/agenda.app/$(BUNDLE_EXECUTABLE_FOLDER_PATH)/agenda";
			};
			name = Release;
		};
		B64C49DB2DD8CB8600CF40A9 /* Debug */ = {
			isa = XCBuildConfiguration;
			buildSettings = {
				CODE_SIGN_STYLE = Automatic;
				CURRENT_PROJECT_VERSION = 1;
				DEVELOPMENT_TEAM = D257767H78;
				GENERATE_INFOPLIST_FILE = YES;
				MARKETING_VERSION = 1.0;
				PRODUCT_BUNDLE_IDENTIFIER = com.bruno.agendaUITests;
				PRODUCT_NAME = "$(TARGET_NAME)";
				SWIFT_EMIT_LOC_STRINGS = NO;
				SWIFT_VERSION = 5.0;
				TARGETED_DEVICE_FAMILY = "1,2";
				TEST_TARGET_NAME = agenda;
			};
			name = Debug;
		};
		B64C49DC2DD8CB8600CF40A9 /* Release */ = {
			isa = XCBuildConfiguration;
			buildSettings = {
				CODE_SIGN_STYLE = Automatic;
				CURRENT_PROJECT_VERSION = 1;
				DEVELOPMENT_TEAM = D257767H78;
				GENERATE_INFOPLIST_FILE = YES;
				MARKETING_VERSION = 1.0;
				PRODUCT_BUNDLE_IDENTIFIER = com.bruno.agendaUITests;
				PRODUCT_NAME = "$(TARGET_NAME)";
				SWIFT_EMIT_LOC_STRINGS = NO;
				SWIFT_VERSION = 5.0;
				TARGETED_DEVICE_FAMILY = "1,2";
				TEST_TARGET_NAME = agenda;
			};
			name = Release;
		};
/* End XCBuildConfiguration section */

/* Begin XCConfigurationList section */
		B64C49A42DD8CB8400CF40A9 /* Build configuration list for PBXProject "agenda" */ = {
			isa = XCConfigurationList;
			buildConfigurations = (
				B64C49D52DD8CB8600CF40A9 /* Debug */,
				B64C49D62DD8CB8600CF40A9 /* Release */,
			);
			defaultConfigurationIsVisible = 0;
			defaultConfigurationName = Release;
		};
		B64C49D22DD8CB8600CF40A9 /* Build configuration list for PBXNativeTarget "agenda" */ = {
			isa = XCConfigurationList;
			buildConfigurations = (
				B64C49D32DD8CB8600CF40A9 /* Debug */,
				B64C49D42DD8CB8600CF40A9 /* Release */,
			);
			defaultConfigurationIsVisible = 0;
			defaultConfigurationName = Release;
		};
		B64C49D72DD8CB8600CF40A9 /* Build configuration list for PBXNativeTarget "agendaTests" */ = {
			isa = XCConfigurationList;
			buildConfigurations = (
				B64C49D82DD8CB8600CF40A9 /* Debug */,
				B64C49D92DD8CB8600CF40A9 /* Release */,
			);
			defaultConfigurationIsVisible = 0;
			defaultConfigurationName = Release;
		};
		B64C49DA2DD8CB8600CF40A9 /* Build configuration list for PBXNativeTarget "agendaUITests" */ = {
			isa = XCConfigurationList;
			buildConfigurations = (
				B64C49DB2DD8CB8600CF40A9 /* Debug */,
				B64C49DC2DD8CB8600CF40A9 /* Release */,
			);
			defaultConfigurationIsVisible = 0;
			defaultConfigurationName = Release;
		};
/* End XCConfigurationList section */

/* Begin XCRemoteSwiftPackageReference section */
		B64C49F32DD8CF8400CF40A9 /* XCRemoteSwiftPackageReference "RxSwift" */ = {
			isa = XCRemoteSwiftPackageReference;
			repositoryURL = "https://github.com/ReactiveX/RxSwift";
			requirement = {
				kind = upToNextMajorVersion;
				minimumVersion = 6.9.0;
			};
		};
		B64C4A032DD8D2AF00CF40A9 /* XCRemoteSwiftPackageReference "SnapKit" */ = {
			isa = XCRemoteSwiftPackageReference;
			repositoryURL = "https://github.com/SnapKit/SnapKit.git";
			requirement = {
				kind = upToNextMajorVersion;
				minimumVersion = 5.7.1;
			};
		};
		B6DF46432DDBC19400071275 /* XCRemoteSwiftPackageReference "swift-snapshot-testing" */ = {
			isa = XCRemoteSwiftPackageReference;
			repositoryURL = "https://github.com/pointfreeco/swift-snapshot-testing";
			requirement = {
				kind = upToNextMajorVersion;
				minimumVersion = 1.18.3;
			};
		};
		B6DF46462DDBC1C900071275 /* XCRemoteSwiftPackageReference "Quick" */ = {
			isa = XCRemoteSwiftPackageReference;
			repositoryURL = "https://github.com/Quick/Quick";
			requirement = {
				branch = main;
				kind = branch;
			};
		};
		B6DF46492DDBC1E600071275 /* XCRemoteSwiftPackageReference "Nimble" */ = {
			isa = XCRemoteSwiftPackageReference;
			repositoryURL = "https://github.com/Quick/Nimble";
			requirement = {
				branch = main;
				kind = branch;
			};
		};
/* End XCRemoteSwiftPackageReference section */

/* Begin XCSwiftPackageProductDependency section */
		B64C49F42DD8CF8400CF40A9 /* RxCocoa */ = {
			isa = XCSwiftPackageProductDependency;
			package = B64C49F32DD8CF8400CF40A9 /* XCRemoteSwiftPackageReference "RxSwift" */;
			productName = RxCocoa;
		};
		B64C49F62DD8CF8400CF40A9 /* RxRelay */ = {
			isa = XCSwiftPackageProductDependency;
			package = B64C49F32DD8CF8400CF40A9 /* XCRemoteSwiftPackageReference "RxSwift" */;
			productName = RxRelay;
		};
		B64C49F82DD8CF8400CF40A9 /* RxSwift */ = {
			isa = XCSwiftPackageProductDependency;
			package = B64C49F32DD8CF8400CF40A9 /* XCRemoteSwiftPackageReference "RxSwift" */;
			productName = RxSwift;
		};
		B64C49FA2DD8CF8400CF40A9 /* RxTest */ = {
			isa = XCSwiftPackageProductDependency;
			package = B64C49F32DD8CF8400CF40A9 /* XCRemoteSwiftPackageReference "RxSwift" */;
			productName = RxTest;
		};
		B64C4A042DD8D2AF00CF40A9 /* SnapKit */ = {
			isa = XCSwiftPackageProductDependency;
			package = B64C4A032DD8D2AF00CF40A9 /* XCRemoteSwiftPackageReference "SnapKit" */;
			productName = SnapKit;
		};
		B6DF46442DDBC19400071275 /* SnapshotTesting */ = {
			isa = XCSwiftPackageProductDependency;
			package = B6DF46432DDBC19400071275 /* XCRemoteSwiftPackageReference "swift-snapshot-testing" */;
			productName = SnapshotTesting;
		};
		B6DF46472DDBC1C900071275 /* Quick */ = {
			isa = XCSwiftPackageProductDependency;
			package = B6DF46462DDBC1C900071275 /* XCRemoteSwiftPackageReference "Quick" */;
			productName = Quick;
		};
		B6DF464A2DDBC1E600071275 /* Nimble */ = {
			isa = XCSwiftPackageProductDependency;
			package = B6DF46492DDBC1E600071275 /* XCRemoteSwiftPackageReference "Nimble" */;
			productName = Nimble;
		};
/* End XCSwiftPackageProductDependency section */
	};
	rootObject = B64C49A12DD8CB8400CF40A9 /* Project object */;
}
